
Microsoft Visual Studio Solution File, Format Version 12.00
# Visual Studio 15
VisualStudioVersion = 15.0.28307.852
MinimumVisualStudioVersion = 10.0.40219.1
Project("{FAE04EC0-301F-11D3-BF4B-00C04F79EFBC}") = "TwelveMonths_01", "TwelveMonths_01\TwelveMonths_01.csproj", "{19DAC026-DA6D-4D59-84C7-F762BD43D9ED}"
EndProject
Global
	GlobalSection(SolutionConfigurationPlatforms) = preSolution
		Debug|Any CPU = Debug|Any CPU
		Release|Any CPU = Release|Any CPU
	EndGlobalSection
	GlobalSection(ProjectConfigurationPlatforms) = postSolution
		{19DAC026-DA6D-4D59-84C7-F762BD43D9ED}.Debug|Any CPU.ActiveCfg = Debug|Any CPU
		{19DAC026-DA6D-4D59-84C7-F762BD43D9ED}.Debug|Any CPU.Build.0 = Debug|Any CPU
		{19DAC026-DA6D-4D59-84C7-F762BD43D9ED}.Release|Any CPU.ActiveCfg = Release|Any CPU
		{19DAC026-DA6D-4D59-84C7-F762BD43D9ED}.Release|Any CPU.Build.0 = Release|Any CPU
	EndGlobalSection
	GlobalSection(SolutionProperties) = preSolution
		HideSolutionNode = FALSE
	EndGlobalSection
	GlobalSection(ExtensibilityGlobals) = postSolution
		SolutionGuid = {57062BCE-B127-49BB-8272-1A2D52382CAF}
	EndGlobalSection
EndGlobal
